
Microsoft Visual Studio Solution File, Format Version 12.00
# Visual Studio Version 16
VisualStudioVersion = 16.0.31129.286
MinimumVisualStudioVersion = 10.0.40219.1
Project("{9A19103F-16F7-4668-BE54-9A1E7A4F7556}") = "Conesoft - Website", "Conesoft - Website.csproj", "{C2F9DD82-AFF3-4EE2-A639-6E56C08703FD}"
EndProject
Global
	GlobalSection(SolutionConfigurationPlatforms) = preSolution
		Debug|Any CPU = Debug|Any CPU
		Release|Any CPU = Release|Any CPU
	EndGlobalSection
	GlobalSection(ProjectConfigurationPlatforms) = postSolution
		{C2F9DD82-AFF3-4EE2-A639-6E56C08703FD}.Debug|Any CPU.ActiveCfg = Debug|Any CPU
		{C2F9DD82-AFF3-4EE2-A639-6E56C08703FD}.Debug|Any CPU.Build.0 = Debug|Any CPU
		{C2F9DD82-AFF3-4EE2-A639-6E56C08703FD}.Release|Any CPU.ActiveCfg = Release|Any CPU
		{C2F9DD82-AFF3-4EE2-A639-6E56C08703FD}.Release|Any CPU.Build.0 = Release|Any CPU
	EndGlobalSection
	GlobalSection(SolutionProperties) = preSolution
		HideSolutionNode = FALSE
	EndGlobalSection
	GlobalSection(ExtensibilityGlobals) = postSolution
		SolutionGuid = {B7E0D704-0373-4201-90F9-A28E0BC4608F}
	EndGlobalSection
EndGlobal
